
Microsoft Visual Studio Solution File, Format Version 12.00
# Visual Studio 15
VisualStudioVersion = 15.0.28307.489
MinimumVisualStudioVersion = 10.0.40219.1
Project("{FAE04EC0-301F-11D3-BF4B-00C04F79EFBC}") = "FizzBuzzTree", "FizzBuzzTree\FizzBuzzTree.csproj", "{F5A69201-F98D-47F6-83FD-CC0177CB70FA}"
EndProject
Project("{FAE04EC0-301F-11D3-BF4B-00C04F79EFBC}") = "XUnitTestFizzBuzzTree", "XUnitTestFizzBuzzTree\XUnitTestFizzBuzzTree.csproj", "{D1EC8FD6-6975-4CB5-8C8E-225819A122B1}"
EndProject
Global
	GlobalSection(SolutionConfigurationPlatforms) = preSolution
		Debug|Any CPU = Debug|Any CPU
		Release|Any CPU = Release|Any CPU
	EndGlobalSection
	GlobalSection(ProjectConfigurationPlatforms) = postSolution
		{F5A69201-F98D-47F6-83FD-CC0177CB70FA}.Debug|Any CPU.ActiveCfg = Debug|Any CPU
		{F5A69201-F98D-47F6-83FD-CC0177CB70FA}.Debug|Any CPU.Build.0 = Debug|Any CPU
		{F5A69201-F98D-47F6-83FD-CC0177CB70FA}.Release|Any CPU.ActiveCfg = Release|Any CPU
		{F5A69201-F98D-47F6-83FD-CC0177CB70FA}.Release|Any CPU.Build.0 = Release|Any CPU
		{D1EC8FD6-6975-4CB5-8C8E-225819A122B1}.Debug|Any CPU.ActiveCfg = Debug|Any CPU
		{D1EC8FD6-6975-4CB5-8C8E-225819A122B1}.Debug|Any CPU.Build.0 = Debug|Any CPU
		{D1EC8FD6-6975-4CB5-8C8E-225819A122B1}.Release|Any CPU.ActiveCfg = Release|Any CPU
		{D1EC8FD6-6975-4CB5-8C8E-225819A122B1}.Release|Any CPU.Build.0 = Release|Any CPU
	EndGlobalSection
	GlobalSection(SolutionProperties) = preSolution
		HideSolutionNode = FALSE
	EndGlobalSection
	GlobalSection(ExtensibilityGlobals) = postSolution
		SolutionGuid = {C5F79782-44EF-43B0-A2D8-CF7CB46BEC50}
	EndGlobalSection
EndGlobal
