
Microsoft Visual Studio Solution File, Format Version 12.00
# Visual Studio 15
VisualStudioVersion = 15.0.28307.489
MinimumVisualStudioVersion = 10.0.40219.1
Project("{FAE04EC0-301F-11D3-BF4B-00C04F79EFBC}") = "StacksAndQueues", "StacksAndQueues\StacksAndQueues.csproj", "{3FCC2FD5-33E4-4895-84B7-DCA762FAC424}"
EndProject
Project("{FAE04EC0-301F-11D3-BF4B-00C04F79EFBC}") = "TestStacksAndQueues", "TestStacksAndQueues\TestStacksAndQueues.csproj", "{C7BD1195-6EB9-4000-8848-F4EF33B16F20}"
EndProject
Global
	GlobalSection(SolutionConfigurationPlatforms) = preSolution
		Debug|Any CPU = Debug|Any CPU
		Release|Any CPU = Release|Any CPU
	EndGlobalSection
	GlobalSection(ProjectConfigurationPlatforms) = postSolution
		{3FCC2FD5-33E4-4895-84B7-DCA762FAC424}.Debug|Any CPU.ActiveCfg = Debug|Any CPU
		{3FCC2FD5-33E4-4895-84B7-DCA762FAC424}.Debug|Any CPU.Build.0 = Debug|Any CPU
		{3FCC2FD5-33E4-4895-84B7-DCA762FAC424}.Release|Any CPU.ActiveCfg = Release|Any CPU
		{3FCC2FD5-33E4-4895-84B7-DCA762FAC424}.Release|Any CPU.Build.0 = Release|Any CPU
		{C7BD1195-6EB9-4000-8848-F4EF33B16F20}.Debug|Any CPU.ActiveCfg = Debug|Any CPU
		{C7BD1195-6EB9-4000-8848-F4EF33B16F20}.Debug|Any CPU.Build.0 = Debug|Any CPU
		{C7BD1195-6EB9-4000-8848-F4EF33B16F20}.Release|Any CPU.ActiveCfg = Release|Any CPU
		{C7BD1195-6EB9-4000-8848-F4EF33B16F20}.Release|Any CPU.Build.0 = Release|Any CPU
	EndGlobalSection
	GlobalSection(SolutionProperties) = preSolution
		HideSolutionNode = FALSE
	EndGlobalSection
	GlobalSection(ExtensibilityGlobals) = postSolution
		SolutionGuid = {3B3E0BD7-CBDE-4451-B1D2-BDF74CD77B57}
	EndGlobalSection
EndGlobal
