
Microsoft Visual Studio Solution File, Format Version 12.00
# Visual Studio 15
VisualStudioVersion = 15.0.28307.489
MinimumVisualStudioVersion = 10.0.40219.1
Project("{9A19103F-16F7-4668-BE54-9A1E7A4F7556}") = "LinkedList", "LinkedList\LinkedList.csproj", "{744190EC-89A8-4F4B-9271-09E55A1EF22D}"
EndProject
Project("{9A19103F-16F7-4668-BE54-9A1E7A4F7556}") = "TestLinkedList", "TestLinkedList\TestLinkedList.csproj", "{1D435F7F-2212-4AF9-8DA6-597EA6F4C110}"
EndProject
Global
	GlobalSection(SolutionConfigurationPlatforms) = preSolution
		Debug|Any CPU = Debug|Any CPU
		Release|Any CPU = Release|Any CPU
	EndGlobalSection
	GlobalSection(ProjectConfigurationPlatforms) = postSolution
		{744190EC-89A8-4F4B-9271-09E55A1EF22D}.Debug|Any CPU.ActiveCfg = Debug|Any CPU
		{744190EC-89A8-4F4B-9271-09E55A1EF22D}.Debug|Any CPU.Build.0 = Debug|Any CPU
		{744190EC-89A8-4F4B-9271-09E55A1EF22D}.Release|Any CPU.ActiveCfg = Release|Any CPU
		{744190EC-89A8-4F4B-9271-09E55A1EF22D}.Release|Any CPU.Build.0 = Release|Any CPU
		{1D435F7F-2212-4AF9-8DA6-597EA6F4C110}.Debug|Any CPU.ActiveCfg = Debug|Any CPU
		{1D435F7F-2212-4AF9-8DA6-597EA6F4C110}.Debug|Any CPU.Build.0 = Debug|Any CPU
		{1D435F7F-2212-4AF9-8DA6-597EA6F4C110}.Release|Any CPU.ActiveCfg = Release|Any CPU
		{1D435F7F-2212-4AF9-8DA6-597EA6F4C110}.Release|Any CPU.Build.0 = Release|Any CPU
	EndGlobalSection
	GlobalSection(SolutionProperties) = preSolution
		HideSolutionNode = FALSE
	EndGlobalSection
	GlobalSection(ExtensibilityGlobals) = postSolution
		SolutionGuid = {3AA6220A-3B25-4CEC-809C-3784E1E06C94}
	EndGlobalSection
EndGlobal
