
Microsoft Visual Studio Solution File, Format Version 12.00
# Visual Studio 15
VisualStudioVersion = 15.0.28307.489
MinimumVisualStudioVersion = 10.0.40219.1
Project("{FAE04EC0-301F-11D3-BF4B-00C04F79EFBC}") = "QueueWithStacks", "QueueWithStacks\QueueWithStacks.csproj", "{D816E8DC-B513-4400-AE1F-C76E741B13BF}"
EndProject
Project("{FAE04EC0-301F-11D3-BF4B-00C04F79EFBC}") = "XUnitTestQueueWithStacks", "XUnitTestQueueWithStacks\XUnitTestQueueWithStacks.csproj", "{B86D835A-6DE7-4849-9431-79270A1C2A67}"
EndProject
Global
	GlobalSection(SolutionConfigurationPlatforms) = preSolution
		Debug|Any CPU = Debug|Any CPU
		Release|Any CPU = Release|Any CPU
	EndGlobalSection
	GlobalSection(ProjectConfigurationPlatforms) = postSolution
		{D816E8DC-B513-4400-AE1F-C76E741B13BF}.Debug|Any CPU.ActiveCfg = Debug|Any CPU
		{D816E8DC-B513-4400-AE1F-C76E741B13BF}.Debug|Any CPU.Build.0 = Debug|Any CPU
		{D816E8DC-B513-4400-AE1F-C76E741B13BF}.Release|Any CPU.ActiveCfg = Release|Any CPU
		{D816E8DC-B513-4400-AE1F-C76E741B13BF}.Release|Any CPU.Build.0 = Release|Any CPU
		{B86D835A-6DE7-4849-9431-79270A1C2A67}.Debug|Any CPU.ActiveCfg = Debug|Any CPU
		{B86D835A-6DE7-4849-9431-79270A1C2A67}.Debug|Any CPU.Build.0 = Debug|Any CPU
		{B86D835A-6DE7-4849-9431-79270A1C2A67}.Release|Any CPU.ActiveCfg = Release|Any CPU
		{B86D835A-6DE7-4849-9431-79270A1C2A67}.Release|Any CPU.Build.0 = Release|Any CPU
	EndGlobalSection
	GlobalSection(SolutionProperties) = preSolution
		HideSolutionNode = FALSE
	EndGlobalSection
	GlobalSection(ExtensibilityGlobals) = postSolution
		SolutionGuid = {923466FD-5446-49CF-AE59-257980267DCA}
	EndGlobalSection
EndGlobal
