
Microsoft Visual Studio Solution File, Format Version 12.00
# Visual Studio 15
VisualStudioVersion = 15.0.28307.489
MinimumVisualStudioVersion = 10.0.40219.1
Project("{9A19103F-16F7-4668-BE54-9A1E7A4F7556}") = "MultiBracketValidation", "MultiBracketValidation\MultiBracketValidation.csproj", "{1FB662A0-EC3D-457D-86AC-AD2A73F2DF63}"
EndProject
Project("{FAE04EC0-301F-11D3-BF4B-00C04F79EFBC}") = "XUnitTestMultiBracketValidation", "XUnitTestMultiBracketValidation\XUnitTestMultiBracketValidation.csproj", "{CDC3943B-7EEF-4683-AF30-CA67BBDA2470}"
EndProject
Global
	GlobalSection(SolutionConfigurationPlatforms) = preSolution
		Debug|Any CPU = Debug|Any CPU
		Release|Any CPU = Release|Any CPU
	EndGlobalSection
	GlobalSection(ProjectConfigurationPlatforms) = postSolution
		{1FB662A0-EC3D-457D-86AC-AD2A73F2DF63}.Debug|Any CPU.ActiveCfg = Debug|Any CPU
		{1FB662A0-EC3D-457D-86AC-AD2A73F2DF63}.Debug|Any CPU.Build.0 = Debug|Any CPU
		{1FB662A0-EC3D-457D-86AC-AD2A73F2DF63}.Release|Any CPU.ActiveCfg = Release|Any CPU
		{1FB662A0-EC3D-457D-86AC-AD2A73F2DF63}.Release|Any CPU.Build.0 = Release|Any CPU
		{CDC3943B-7EEF-4683-AF30-CA67BBDA2470}.Debug|Any CPU.ActiveCfg = Debug|Any CPU
		{CDC3943B-7EEF-4683-AF30-CA67BBDA2470}.Debug|Any CPU.Build.0 = Debug|Any CPU
		{CDC3943B-7EEF-4683-AF30-CA67BBDA2470}.Release|Any CPU.ActiveCfg = Release|Any CPU
		{CDC3943B-7EEF-4683-AF30-CA67BBDA2470}.Release|Any CPU.Build.0 = Release|Any CPU
	EndGlobalSection
	GlobalSection(SolutionProperties) = preSolution
		HideSolutionNode = FALSE
	EndGlobalSection
	GlobalSection(ExtensibilityGlobals) = postSolution
		SolutionGuid = {7263BA9E-8FF4-4B58-A3A6-AF3A24C2742C}
	EndGlobalSection
EndGlobal
